
Microsoft Visual Studio Solution File, Format Version 12.00
# Visual Studio Version 16
VisualStudioVersion = 16.0.30611.23
MinimumVisualStudioVersion = 10.0.40219.1
Project("{FAE04EC0-301F-11D3-BF4B-00C04F79EFBC}") = "Scribble Notes", "Scribble Notes\Scribble Notes.csproj", "{46B53F2C-92F7-49F1-B3B7-50D7C1B76223}"
EndProject
Global
	GlobalSection(SolutionConfigurationPlatforms) = preSolution
		Debug|Any CPU = Debug|Any CPU
		Release|Any CPU = Release|Any CPU
	EndGlobalSection
	GlobalSection(ProjectConfigurationPlatforms) = postSolution
		{46B53F2C-92F7-49F1-B3B7-50D7C1B76223}.Debug|Any CPU.ActiveCfg = Debug|Any CPU
		{46B53F2C-92F7-49F1-B3B7-50D7C1B76223}.Debug|Any CPU.Build.0 = Debug|Any CPU
		{46B53F2C-92F7-49F1-B3B7-50D7C1B76223}.Release|Any CPU.ActiveCfg = Release|Any CPU
		{46B53F2C-92F7-49F1-B3B7-50D7C1B76223}.Release|Any CPU.Build.0 = Release|Any CPU
	EndGlobalSection
	GlobalSection(SolutionProperties) = preSolution
		HideSolutionNode = FALSE
	EndGlobalSection
	GlobalSection(ExtensibilityGlobals) = postSolution
		SolutionGuid = {D0EC8471-0F71-42CC-AD42-F9A589E7D7D6}
	EndGlobalSection
EndGlobal
